
Microsoft Visual Studio Solution File, Format Version 12.00
# Visual Studio Version 16
VisualStudioVersion = 16.0.33328.57
MinimumVisualStudioVersion = 10.0.40219.1
Project("{FAE04EC0-301F-11D3-BF4B-00C04F79EFBC}") = "RegCracks", "RegCracks\RegCracks.csproj", "{8835F89A-84EE-46D1-A21A-647F6285E404}"
EndProject
Global
	GlobalSection(SolutionConfigurationPlatforms) = preSolution
		Debug|Any CPU = Debug|Any CPU
		Release|Any CPU = Release|Any CPU
	EndGlobalSection
	GlobalSection(ProjectConfigurationPlatforms) = postSolution
		{8835F89A-84EE-46D1-A21A-647F6285E404}.Debug|Any CPU.ActiveCfg = Debug|Any CPU
		{8835F89A-84EE-46D1-A21A-647F6285E404}.Debug|Any CPU.Build.0 = Debug|Any CPU
		{8835F89A-84EE-46D1-A21A-647F6285E404}.Release|Any CPU.ActiveCfg = Release|Any CPU
		{8835F89A-84EE-46D1-A21A-647F6285E404}.Release|Any CPU.Build.0 = Release|Any CPU
	EndGlobalSection
	GlobalSection(SolutionProperties) = preSolution
		HideSolutionNode = FALSE
	EndGlobalSection
	GlobalSection(ExtensibilityGlobals) = postSolution
		SolutionGuid = {B98FE83D-A520-40E6-BBCC-7544EA68823F}
	EndGlobalSection
EndGlobal
